
Microsoft Visual Studio Solution File, Format Version 12.00
# Visual Studio Version 16
VisualStudioVersion = 16.0.33130.400
MinimumVisualStudioVersion = 10.0.40219.1
Project("{FAE04EC0-301F-11D3-BF4B-00C04F79EFBC}") = "WebAPI", "WebAPI\WebAPI.csproj", "{5C7CB714-8081-475C-95EE-730D84187C98}"
EndProject
Global
	GlobalSection(SolutionConfigurationPlatforms) = preSolution
		Debug|Any CPU = Debug|Any CPU
		Release|Any CPU = Release|Any CPU
	EndGlobalSection
	GlobalSection(ProjectConfigurationPlatforms) = postSolution
		{5C7CB714-8081-475C-95EE-730D84187C98}.Debug|Any CPU.ActiveCfg = Debug|Any CPU
		{5C7CB714-8081-475C-95EE-730D84187C98}.Debug|Any CPU.Build.0 = Debug|Any CPU
		{5C7CB714-8081-475C-95EE-730D84187C98}.Release|Any CPU.ActiveCfg = Release|Any CPU
		{5C7CB714-8081-475C-95EE-730D84187C98}.Release|Any CPU.Build.0 = Release|Any CPU
	EndGlobalSection
	GlobalSection(SolutionProperties) = preSolution
		HideSolutionNode = FALSE
	EndGlobalSection
	GlobalSection(ExtensibilityGlobals) = postSolution
		SolutionGuid = {1CF9FCA6-2AD5-4A85-9103-08DDC5351C9C}
	EndGlobalSection
EndGlobal
